
Microsoft Visual Studio Solution File, Format Version 12.00
# Visual Studio Version 17
VisualStudioVersion = 17.5.33424.131
MinimumVisualStudioVersion = 10.0.40219.1
Project("{FAE04EC0-301F-11D3-BF4B-00C04F79EFBC}") = "School.API", "School.API\School.API.csproj", "{C71D3816-8445-4EE1-A2F0-AD2F9F357F05}"
EndProject
Project("{FAE04EC0-301F-11D3-BF4B-00C04F79EFBC}") = "School.Business", "School.Business\School.Business.csproj", "{89926F18-F42F-487D-8CF0-853B85B6D92F}"
EndProject
Project("{FAE04EC0-301F-11D3-BF4B-00C04F79EFBC}") = "School.Data", "School.Data\School.Data.csproj", "{C5C1FFCB-96CD-4D2C-997E-5451DB54EE65}"
EndProject
Project("{FAE04EC0-301F-11D3-BF4B-00C04F79EFBC}") = "School.Repository", "School.Repository\School.Repository.csproj", "{F7029F32-6848-4303-BE19-3CAA798EE5A7}"
EndProject
Global
	GlobalSection(SolutionConfigurationPlatforms) = preSolution
		Debug|Any CPU = Debug|Any CPU
		Release|Any CPU = Release|Any CPU
	EndGlobalSection
	GlobalSection(ProjectConfigurationPlatforms) = postSolution
		{C71D3816-8445-4EE1-A2F0-AD2F9F357F05}.Debug|Any CPU.ActiveCfg = Debug|Any CPU
		{C71D3816-8445-4EE1-A2F0-AD2F9F357F05}.Debug|Any CPU.Build.0 = Debug|Any CPU
		{C71D3816-8445-4EE1-A2F0-AD2F9F357F05}.Release|Any CPU.ActiveCfg = Release|Any CPU
		{C71D3816-8445-4EE1-A2F0-AD2F9F357F05}.Release|Any CPU.Build.0 = Release|Any CPU
		{89926F18-F42F-487D-8CF0-853B85B6D92F}.Debug|Any CPU.ActiveCfg = Debug|Any CPU
		{89926F18-F42F-487D-8CF0-853B85B6D92F}.Debug|Any CPU.Build.0 = Debug|Any CPU
		{89926F18-F42F-487D-8CF0-853B85B6D92F}.Release|Any CPU.ActiveCfg = Release|Any CPU
		{89926F18-F42F-487D-8CF0-853B85B6D92F}.Release|Any CPU.Build.0 = Release|Any CPU
		{C5C1FFCB-96CD-4D2C-997E-5451DB54EE65}.Debug|Any CPU.ActiveCfg = Debug|Any CPU
		{C5C1FFCB-96CD-4D2C-997E-5451DB54EE65}.Debug|Any CPU.Build.0 = Debug|Any CPU
		{C5C1FFCB-96CD-4D2C-997E-5451DB54EE65}.Release|Any CPU.ActiveCfg = Release|Any CPU
		{C5C1FFCB-96CD-4D2C-997E-5451DB54EE65}.Release|Any CPU.Build.0 = Release|Any CPU
		{F7029F32-6848-4303-BE19-3CAA798EE5A7}.Debug|Any CPU.ActiveCfg = Debug|Any CPU
		{F7029F32-6848-4303-BE19-3CAA798EE5A7}.Debug|Any CPU.Build.0 = Debug|Any CPU
		{F7029F32-6848-4303-BE19-3CAA798EE5A7}.Release|Any CPU.ActiveCfg = Release|Any CPU
		{F7029F32-6848-4303-BE19-3CAA798EE5A7}.Release|Any CPU.Build.0 = Release|Any CPU
	EndGlobalSection
	GlobalSection(SolutionProperties) = preSolution
		HideSolutionNode = FALSE
	EndGlobalSection
	GlobalSection(ExtensibilityGlobals) = postSolution
		SolutionGuid = {8BBCCD7F-B88F-4CB3-A7DD-1B30A02EBC93}
	EndGlobalSection
EndGlobal
